<?xml version="1.0" encoding="utf-8"?>
<Project ToolsVersion="4.0" xmlns="http://schemas.microsoft.com/developer/msbuild/2003">
  <ItemGroup>
    <Filter Include="Source Files">
      <UniqueIdentifier>{4FC737F1-C7A5-4376-A066-2A32D752A2FF}</UniqueIdentifier>
      <Extensions>cpp;c;cc;cxx;def;odl;idl;hpj;bat;asm;asmx</Extensions>
    </Filter>
    <Filter Include="Header Files">
      <UniqueIdentifier>{93995380-89BD-4b04-88EB-625FBE52EBFB}</UniqueIdentifier>
      <Extensions>h;hh;hpp;hxx;hm;inl;inc;xsd</Extensions>
    </Filter>
    <Filter Include="Resource Files">
      <UniqueIdentifier>{67DA6AB6-F800-4c08-8B7A-83BB121AAD01}</UniqueIdentifier>
      <Extensions>rc;ico;cur;bmp;dlg;rc2;rct;bin;rgs;gif;jpg;jpeg;jpe;resx;tiff;tif;png;wav;mfcribbon-ms</Extensions>
    </Filter>
    <Filter Include="Source Files\sprites">
      <UniqueIdentifier>{a4ad0228-2eb2-4b4d-b9cf-3373c5b6b9a3}</UniqueIdentifier>
    </Filter>
    <Filter Include="Resource Files\sprites">
      <UniqueIdentifier>{0d72434b-bbf2-49f0-b290-01eb0069eed8}</UniqueIdentifier>
    </Filter>
  </ItemGroup>
  <ItemGroup>
    <Text Include="readme.txt" />
  </ItemGroup>
  <ItemGroup>
    <ClCompile Include="src\key_helper.c">
      <Filter>Source Files</Filter>
    </ClCompile>
    <ClCompile Include="src\main.c">
      <Filter>Source Files</Filter>
    </ClCompile>
    <ClCompile Include="src\menu.c">
      <Filter>Source Files</Filter>
    </ClCompile>
    <ClCompile Include="src\minefield.c">
      <Filter>Source Files</Filter>
    </ClCompile>
    <ClCompile Include="src\settings.c">
      <Filter>Source Files</Filter>
    </ClCompile>
    <ClCompile Include="src\gfx\cursor.c">
      <Filter>Source Files\sprites</Filter>
    </ClCompile>
    <ClCompile Include="src\gfx\eight.c">
      <Filter>Source Files\sprites</Filter>
    </ClCompile>
    <ClCompile Include="src\gfx\explode.c">
      <Filter>Source Files\sprites</Filter>
    </ClCompile>
    <ClCompile Include="src\gfx\filled.c">
      <Filter>Source Files\sprites</Filter>
    </ClCompile>
    <ClCompile Include="src\gfx\five.c">
      <Filter>Source Files\sprites</Filter>
    </ClCompile>
    <ClCompile Include="src\gfx\flagged.c">
      <Filter>Source Files\sprites</Filter>
    </ClCompile>
    <ClCompile Include="src\gfx\four.c">
      <Filter>Source Files\sprites</Filter>
    </ClCompile>
    <ClCompile Include="src\gfx\logo1.c">
      <Filter>Source Files\sprites</Filter>
    </ClCompile>
    <ClCompile Include="src\gfx\logo2.c">
      <Filter>Source Files\sprites</Filter>
    </ClCompile>
    <ClCompile Include="src\gfx\mine.c">
      <Filter>Source Files\sprites</Filter>
    </ClCompile>
    <ClCompile Include="src\gfx\misflagged.c">
      <Filter>Source Files\sprites</Filter>
    </ClCompile>
    <ClCompile Include="src\gfx\one.c">
      <Filter>Source Files\sprites</Filter>
    </ClCompile>
    <ClCompile Include="src\gfx\question.c">
      <Filter>Source Files\sprites</Filter>
    </ClCompile>
    <ClCompile Include="src\gfx\seven.c">
      <Filter>Source Files\sprites</Filter>
    </ClCompile>
    <ClCompile Include="src\gfx\six.c">
      <Filter>Source Files\sprites</Filter>
    </ClCompile>
    <ClCompile Include="src\gfx\sprites.c">
      <Filter>Source Files\sprites</Filter>
    </ClCompile>
    <ClCompile Include="src\gfx\three.c">
      <Filter>Source Files\sprites</Filter>
    </ClCompile>
    <ClCompile Include="src\gfx\two.c">
      <Filter>Source Files\sprites</Filter>
    </ClCompile>
    <ClCompile Include="src\gfx\win.c">
      <Filter>Source Files\sprites</Filter>
    </ClCompile>
    <ClCompile Include="src\gfx\zero.c">
      <Filter>Source Files\sprites</Filter>
    </ClCompile>
  </ItemGroup>
  <ItemGroup>
    <ClInclude Include="src\key_helper.h">
      <Filter>Header Files</Filter>
    </ClInclude>
    <ClInclude Include="src\main.h">
      <Filter>Header Files</Filter>
    </ClInclude>
    <ClInclude Include="src\menu.h">
      <Filter>Header Files</Filter>
    </ClInclude>
    <ClInclude Include="src\menu_sprites.h">
      <Filter>Header Files</Filter>
    </ClInclude>
    <ClInclude Include="src\minefield.h">
      <Filter>Header Files</Filter>
    </ClInclude>
    <ClInclude Include="src\settings.h">
      <Filter>Header Files</Filter>
    </ClInclude>
  </ItemGroup>
  <ItemGroup>
    <None Include="convpng.ini" />
    <None Include="Makefile" />
    <None Include="src\gfx\convpng.ini">
      <Filter>Source Files\sprites</Filter>
    </None>
  </ItemGroup>
  <ItemGroup>
    <Image Include="src\gfx\cursor.png">
      <Filter>Resource Files\sprites</Filter>
    </Image>
    <Image Include="src\gfx\eight.png">
      <Filter>Resource Files\sprites</Filter>
    </Image>
    <Image Include="src\gfx\explode.png">
      <Filter>Resource Files\sprites</Filter>
    </Image>
    <Image Include="src\gfx\filled.png">
      <Filter>Resource Files\sprites</Filter>
    </Image>
    <Image Include="src\gfx\five.png">
      <Filter>Resource Files\sprites</Filter>
    </Image>
    <Image Include="src\gfx\flagged.png">
      <Filter>Resource Files\sprites</Filter>
    </Image>
    <Image Include="src\gfx\four.png">
      <Filter>Resource Files\sprites</Filter>
    </Image>
    <Image Include="src\gfx\logo1.png">
      <Filter>Resource Files\sprites</Filter>
    </Image>
    <Image Include="src\gfx\logo2.png">
      <Filter>Resource Files\sprites</Filter>
    </Image>
    <Image Include="src\gfx\mine.png">
      <Filter>Resource Files\sprites</Filter>
    </Image>
    <Image Include="src\gfx\misflagged.png">
      <Filter>Resource Files\sprites</Filter>
    </Image>
    <Image Include="src\gfx\one.png">
      <Filter>Resource Files\sprites</Filter>
    </Image>
    <Image Include="src\gfx\question.png">
      <Filter>Resource Files\sprites</Filter>
    </Image>
    <Image Include="src\gfx\seven.png">
      <Filter>Resource Files\sprites</Filter>
    </Image>
    <Image Include="src\gfx\six.png">
      <Filter>Resource Files\sprites</Filter>
    </Image>
    <Image Include="src\gfx\three.png">
      <Filter>Resource Files\sprites</Filter>
    </Image>
    <Image Include="src\gfx\two.png">
      <Filter>Resource Files\sprites</Filter>
    </Image>
    <Image Include="src\gfx\win.png">
      <Filter>Resource Files\sprites</Filter>
    </Image>
    <Image Include="src\gfx\zero.png">
      <Filter>Resource Files\sprites</Filter>
    </Image>
    <Image Include="iconc.png">
      <Filter>Resource Files</Filter>
    </Image>
  </ItemGroup>
</Project>